
Microsoft Visual Studio Solution File, Format Version 12.00
# Visual Studio Version 17
VisualStudioVersion = 17.9.34616.47
MinimumVisualStudioVersion = 10.0.40219.1
Project("{FAE04EC0-301F-11D3-BF4B-00C04F79EFBC}") = "Jackson_Silva_PB-TP7", "Jackson_Silva_PB-TP7\Jackson_Silva_PB-TP7.csproj", "{A9FBC7C2-C5FC-4814-A971-956C15B8CF5F}"
EndProject
Global
	GlobalSection(SolutionConfigurationPlatforms) = preSolution
		Debug|Any CPU = Debug|Any CPU
		Release|Any CPU = Release|Any CPU
	EndGlobalSection
	GlobalSection(ProjectConfigurationPlatforms) = postSolution
		{A9FBC7C2-C5FC-4814-A971-956C15B8CF5F}.Debug|Any CPU.ActiveCfg = Debug|Any CPU
		{A9FBC7C2-C5FC-4814-A971-956C15B8CF5F}.Debug|Any CPU.Build.0 = Debug|Any CPU
		{A9FBC7C2-C5FC-4814-A971-956C15B8CF5F}.Release|Any CPU.ActiveCfg = Release|Any CPU
		{A9FBC7C2-C5FC-4814-A971-956C15B8CF5F}.Release|Any CPU.Build.0 = Release|Any CPU
	EndGlobalSection
	GlobalSection(SolutionProperties) = preSolution
		HideSolutionNode = FALSE
	EndGlobalSection
	GlobalSection(ExtensibilityGlobals) = postSolution
		SolutionGuid = {5632C08A-D231-4BD1-981B-7C7A46B79643}
	EndGlobalSection
EndGlobal
